
Microsoft Visual Studio Solution File, Format Version 12.00
# Visual Studio Version 16
VisualStudioVersion = 16.0.31112.23
MinimumVisualStudioVersion = 10.0.40219.1
Project("{8BC9CEB8-8B4A-11D0-8D11-00A0C91BC942}") = "Z (Attempt 1)", "Z (Attempt 1)\Z (Attempt 1).vcxproj", "{9D87D364-12C1-4E9D-98C1-1E21A4562694}"
EndProject
Project("{2150E333-8FDC-42A3-9474-1A3956D46DE8}") = "Solution Items", "Solution Items", "{B34C0D51-3E3B-4D52-AB47-5D1EE9F39646}"
	ProjectSection(SolutionItems) = preProject
		Examples\example1.azm = Examples\example1.azm
		Examples\example1.eze = Examples\example1.eze
		README.md = README.md
	EndProjectSection
EndProject
Global
	GlobalSection(SolutionConfigurationPlatforms) = preSolution
		Debug|x64 = Debug|x64
		Debug|x86 = Debug|x86
		Release|x64 = Release|x64
		Release|x86 = Release|x86
	EndGlobalSection
	GlobalSection(ProjectConfigurationPlatforms) = postSolution
		{9D87D364-12C1-4E9D-98C1-1E21A4562694}.Debug|x64.ActiveCfg = Debug|x64
		{9D87D364-12C1-4E9D-98C1-1E21A4562694}.Debug|x64.Build.0 = Debug|x64
		{9D87D364-12C1-4E9D-98C1-1E21A4562694}.Debug|x86.ActiveCfg = Debug|Win32
		{9D87D364-12C1-4E9D-98C1-1E21A4562694}.Debug|x86.Build.0 = Debug|Win32
		{9D87D364-12C1-4E9D-98C1-1E21A4562694}.Release|x64.ActiveCfg = Release|x64
		{9D87D364-12C1-4E9D-98C1-1E21A4562694}.Release|x64.Build.0 = Release|x64
		{9D87D364-12C1-4E9D-98C1-1E21A4562694}.Release|x86.ActiveCfg = Release|Win32
		{9D87D364-12C1-4E9D-98C1-1E21A4562694}.Release|x86.Build.0 = Release|Win32
	EndGlobalSection
	GlobalSection(SolutionProperties) = preSolution
		HideSolutionNode = FALSE
	EndGlobalSection
	GlobalSection(ExtensibilityGlobals) = postSolution
		SolutionGuid = {B5281B00-DE57-4461-B910-30998E476FCE}
	EndGlobalSection
EndGlobal
