<?xml version="1.0" encoding="utf-8"?>
<Project ToolsVersion="4.0" xmlns="http://schemas.microsoft.com/developer/msbuild/2003">
  <ItemGroup>
    <Filter Include="Main">
      <UniqueIdentifier>{e89f9b23-7c03-4fc9-a0fc-fd82c11b9420}</UniqueIdentifier>
    </Filter>
    <Filter Include="VM">
      <UniqueIdentifier>{f215d964-cbfa-4c55-ac36-107f480e97a5}</UniqueIdentifier>
    </Filter>
    <Filter Include="AssemblyExamples">
      <UniqueIdentifier>{2e244fc7-cf2f-4346-b933-58a1fe87c70b}</UniqueIdentifier>
    </Filter>
  </ItemGroup>
  <ItemGroup>
    <ClCompile Include="main.cpp">
      <Filter>Main</Filter>
    </ClCompile>
    <ClCompile Include="VM\vm.cpp">
      <Filter>VM</Filter>
    </ClCompile>
    <ClCompile Include="utils.cpp">
      <Filter>Main</Filter>
    </ClCompile>
    <ClCompile Include="VM\assembler.cpp">
      <Filter>VM</Filter>
    </ClCompile>
    <ClCompile Include="VM\executor.cpp">
      <Filter>VM</Filter>
    </ClCompile>
  </ItemGroup>
  <ItemGroup>
    <ClInclude Include="VM\vm.h">
      <Filter>VM</Filter>
    </ClInclude>
    <ClInclude Include="main.h">
      <Filter>Main</Filter>
    </ClInclude>
    <ClInclude Include="utils.h">
      <Filter>Main</Filter>
    </ClInclude>
    <ClInclude Include="VM\opcode.h">
      <Filter>VM</Filter>
    </ClInclude>
    <ClInclude Include="VM\register.h">
      <Filter>VM</Filter>
    </ClInclude>
  </ItemGroup>
  <ItemGroup>
    <None Include="README.md" />
    <None Include="AssemblyExamples\example1.azm">
      <Filter>AssemblyExamples</Filter>
    </None>
    <None Include="AssemblyExamples\example1.eze">
      <Filter>AssemblyExamples</Filter>
    </None>
  </ItemGroup>
</Project>