<?xml version="1.0" encoding="utf-8"?>
<Project ToolsVersion="4.0" xmlns="http://schemas.microsoft.com/developer/msbuild/2003">
  <ItemGroup>
    <Filter Include="VM">
      <UniqueIdentifier>{db1123e5-be36-4a5a-ae74-424a7bef207b}</UniqueIdentifier>
    </Filter>
    <Filter Include="Main">
      <UniqueIdentifier>{4FC737F1-C7A5-4376-A066-2A32D752A2FF}</UniqueIdentifier>
      <Extensions>cpp;c;cc;cxx;c++;cppm;ixx;def;odl;idl;hpj;bat;asm;asmx</Extensions>
    </Filter>
    <Filter Include="Compiler">
      <UniqueIdentifier>{9db32f00-1d06-43ca-aae2-0969503409bc}</UniqueIdentifier>
    </Filter>
    <Filter Include="AssemblyExamples">
      <UniqueIdentifier>{55defd0e-186a-4d61-a2a9-cbc64a19f3c3}</UniqueIdentifier>
    </Filter>
  </ItemGroup>
  <ItemGroup>
    <ClCompile Include="main.cpp">
      <Filter>Main</Filter>
    </ClCompile>
    <ClCompile Include="VM\vm.cpp">
      <Filter>VM</Filter>
    </ClCompile>
    <ClCompile Include="Compiler\compile.cpp">
      <Filter>Compiler</Filter>
    </ClCompile>
    <ClCompile Include="Compiler\tokenize.h">
      <Filter>Compiler</Filter>
    </ClCompile>
  </ItemGroup>
  <ItemGroup>
    <ClInclude Include="VM\vmassemble.h">
      <Filter>VM</Filter>
    </ClInclude>
    <ClInclude Include="VM\vmexec.h">
      <Filter>VM</Filter>
    </ClInclude>
    <ClInclude Include="VM\vm.h">
      <Filter>VM</Filter>
    </ClInclude>
    <ClInclude Include="VM\vmassembledefs.h">
      <Filter>VM</Filter>
    </ClInclude>
    <ClInclude Include="VM\vmexecdefs.h">
      <Filter>VM</Filter>
    </ClInclude>
    <ClInclude Include="Compiler\compile.h">
      <Filter>Compiler</Filter>
    </ClInclude>
    <ClInclude Include="Compiler\tokenizedefs.h">
      <Filter>Compiler</Filter>
    </ClInclude>
  </ItemGroup>
  <ItemGroup>
    <None Include="cpp.hint" />
    <None Include="README.md" />
    <None Include="AssemblyExamples\example1.azm">
      <Filter>AssemblyExamples</Filter>
    </None>
    <None Include="AssemblyExamples\example1.eze">
      <Filter>AssemblyExamples</Filter>
    </None>
    <None Include="AssemblyExamples\example2.azm">
      <Filter>AssemblyExamples</Filter>
    </None>
    <None Include="AssemblyExamples\example2.eze">
      <Filter>AssemblyExamples</Filter>
    </None>
    <None Include="AssemblyExamples\example3.azm">
      <Filter>AssemblyExamples</Filter>
    </None>
    <None Include="AssemblyExamples\example3.eze">
      <Filter>AssemblyExamples</Filter>
    </None>
    <None Include="AssemblyExamples\example4.azm">
      <Filter>AssemblyExamples</Filter>
    </None>
    <None Include="AssemblyExamples\example4.eze">
      <Filter>AssemblyExamples</Filter>
    </None>
    <None Include="AssemblyExamples\example5.azm">
      <Filter>AssemblyExamples</Filter>
    </None>
    <None Include="AssemblyExamples\example5.eze">
      <Filter>AssemblyExamples</Filter>
    </None>
    <None Include="AssemblyExamples\example6.azm">
      <Filter>AssemblyExamples</Filter>
    </None>
    <None Include="AssemblyExamples\example6.eze">
      <Filter>AssemblyExamples</Filter>
    </None>
    <None Include="AssemblyExamples\example7.azm">
      <Filter>AssemblyExamples</Filter>
    </None>
    <None Include="AssemblyExamples\example7.eze">
      <Filter>AssemblyExamples</Filter>
    </None>
    <None Include="AssemblyExamples\fibonacci1.azm">
      <Filter>AssemblyExamples</Filter>
    </None>
    <None Include="AssemblyExamples\fibonacci1.eze">
      <Filter>AssemblyExamples</Filter>
    </None>
    <None Include="AssemblyExamples\fibonacci2.azm">
      <Filter>AssemblyExamples</Filter>
    </None>
    <None Include="AssemblyExamples\fibonacci2.eze">
      <Filter>AssemblyExamples</Filter>
    </None>
    <None Include="AssemblyExamples\testing1.azm">
      <Filter>AssemblyExamples</Filter>
    </None>
    <None Include="AssemblyExamples\testing1.eze">
      <Filter>AssemblyExamples</Filter>
    </None>
  </ItemGroup>
</Project>